
Microsoft Visual Studio Solution File, Format Version 12.00
Project("{2150E333-8FDC-42A3-9474-1A3956D46DE8}") = "Core", "Core", "{F99D90FC-5C6A-4B7B-9742-2503B8F4FC63}"
EndProject
Project("{2150E333-8FDC-42A3-9474-1A3956D46DE8}") = "Domain", "Domain", "{A2CEA249-AD14-45AC-9441-35AEAB4A9DD7}"
EndProject
Project("{FAE04EC0-301F-11D3-BF4B-00C04F79EFBC}") = "Domain", "Domain\Domain.csproj", "{05312E6A-1C46-4C19-BE4D-7F03A2832914}"
EndProject
Project("{2150E333-8FDC-42A3-9474-1A3956D46DE8}") = "Application", "Application", "{3ED532A4-A02B-46F6-BE20-35FF6FCC889B}"
EndProject
Project("{FAE04EC0-301F-11D3-BF4B-00C04F79EFBC}") = "Application", "Application\Application.csproj", "{CCEB45D8-7979-4404-BF8D-E6B5E962B422}"
EndProject
Project("{2150E333-8FDC-42A3-9474-1A3956D46DE8}") = "Infrastructure", "Infrastructure", "{3ED7A22E-6BED-4D01-819B-16DF043DAA77}"
EndProject
Project("{FAE04EC0-301F-11D3-BF4B-00C04F79EFBC}") = "Infrastructure.Postgres", "Infrastructure.Postgres\Infrastructure.Postgres.csproj", "{312399A5-9558-418E-AA22-DB36F97C7B79}"
EndProject
Project("{2150E333-8FDC-42A3-9474-1A3956D46DE8}") = "Presentation", "Presentation", "{2E785A97-04D0-43BF-B83A-D3864C9D1CA4}"
EndProject
Project("{FAE04EC0-301F-11D3-BF4B-00C04F79EFBC}") = "Presentation.API.V1", "Presentation.API.V1\Presentation.API.V1.csproj", "{70162BA6-4915-4B6D-B000-E38B7C4CEF97}"
EndProject
Project("{2150E333-8FDC-42A3-9474-1A3956D46DE8}") = "Host", "Host", "{2B1D0323-82F9-467E-94BA-868FFA033E73}"
EndProject
Project("{FAE04EC0-301F-11D3-BF4B-00C04F79EFBC}") = "ApiHost", "ApiHost\ApiHost.csproj", "{CD76CFE3-DD63-4FF7-B182-6764BC742DF0}"
EndProject
Global
	GlobalSection(SolutionConfigurationPlatforms) = preSolution
		Debug|Any CPU = Debug|Any CPU
		Release|Any CPU = Release|Any CPU
	EndGlobalSection
	GlobalSection(NestedProjects) = preSolution
		{A2CEA249-AD14-45AC-9441-35AEAB4A9DD7} = {F99D90FC-5C6A-4B7B-9742-2503B8F4FC63}
		{05312E6A-1C46-4C19-BE4D-7F03A2832914} = {A2CEA249-AD14-45AC-9441-35AEAB4A9DD7}
		{3ED532A4-A02B-46F6-BE20-35FF6FCC889B} = {F99D90FC-5C6A-4B7B-9742-2503B8F4FC63}
		{CCEB45D8-7979-4404-BF8D-E6B5E962B422} = {3ED532A4-A02B-46F6-BE20-35FF6FCC889B}
		{312399A5-9558-418E-AA22-DB36F97C7B79} = {3ED7A22E-6BED-4D01-819B-16DF043DAA77}
		{70162BA6-4915-4B6D-B000-E38B7C4CEF97} = {2E785A97-04D0-43BF-B83A-D3864C9D1CA4}
		{CD76CFE3-DD63-4FF7-B182-6764BC742DF0} = {2B1D0323-82F9-467E-94BA-868FFA033E73}
	EndGlobalSection
	GlobalSection(ProjectConfigurationPlatforms) = postSolution
		{05312E6A-1C46-4C19-BE4D-7F03A2832914}.Debug|Any CPU.ActiveCfg = Debug|Any CPU
		{05312E6A-1C46-4C19-BE4D-7F03A2832914}.Debug|Any CPU.Build.0 = Debug|Any CPU
		{05312E6A-1C46-4C19-BE4D-7F03A2832914}.Release|Any CPU.ActiveCfg = Release|Any CPU
		{05312E6A-1C46-4C19-BE4D-7F03A2832914}.Release|Any CPU.Build.0 = Release|Any CPU
		{CCEB45D8-7979-4404-BF8D-E6B5E962B422}.Debug|Any CPU.ActiveCfg = Debug|Any CPU
		{CCEB45D8-7979-4404-BF8D-E6B5E962B422}.Debug|Any CPU.Build.0 = Debug|Any CPU
		{CCEB45D8-7979-4404-BF8D-E6B5E962B422}.Release|Any CPU.ActiveCfg = Release|Any CPU
		{CCEB45D8-7979-4404-BF8D-E6B5E962B422}.Release|Any CPU.Build.0 = Release|Any CPU
		{312399A5-9558-418E-AA22-DB36F97C7B79}.Debug|Any CPU.ActiveCfg = Debug|Any CPU
		{312399A5-9558-418E-AA22-DB36F97C7B79}.Debug|Any CPU.Build.0 = Debug|Any CPU
		{312399A5-9558-418E-AA22-DB36F97C7B79}.Release|Any CPU.ActiveCfg = Release|Any CPU
		{312399A5-9558-418E-AA22-DB36F97C7B79}.Release|Any CPU.Build.0 = Release|Any CPU
		{70162BA6-4915-4B6D-B000-E38B7C4CEF97}.Debug|Any CPU.ActiveCfg = Debug|Any CPU
		{70162BA6-4915-4B6D-B000-E38B7C4CEF97}.Debug|Any CPU.Build.0 = Debug|Any CPU
		{70162BA6-4915-4B6D-B000-E38B7C4CEF97}.Release|Any CPU.ActiveCfg = Release|Any CPU
		{70162BA6-4915-4B6D-B000-E38B7C4CEF97}.Release|Any CPU.Build.0 = Release|Any CPU
		{CD76CFE3-DD63-4FF7-B182-6764BC742DF0}.Debug|Any CPU.ActiveCfg = Debug|Any CPU
		{CD76CFE3-DD63-4FF7-B182-6764BC742DF0}.Debug|Any CPU.Build.0 = Debug|Any CPU
		{CD76CFE3-DD63-4FF7-B182-6764BC742DF0}.Release|Any CPU.ActiveCfg = Release|Any CPU
		{CD76CFE3-DD63-4FF7-B182-6764BC742DF0}.Release|Any CPU.Build.0 = Release|Any CPU
	EndGlobalSection
EndGlobal
